// !$*UTF8*$!
{
	archiveVersion = 1;
	classes = {
	};
	objectVersion = 51;
	objects = {

/* Begin PBXBuildFile section */
		31BFA3D9136C2F62BC09EF2D /* Pods_FirebaseToDoList.framework in Frameworks */ = {isa = PBXBuildFile; fileRef = F2E89B9DC7A0A37492990ABB /* Pods_FirebaseToDoList.framework */; };
		BA7325982458822600730CAC /* Task.swift in Sources */ = {isa = PBXBuildFile; fileRef = BA7325972458822600730CAC /* Task.swift */; };
		BA73259A2458822D00730CAC /* User.swift in Sources */ = {isa = PBXBuildFile; fileRef = BA7325992458822D00730CAC /* User.swift */; };
		BAEC9CC32455A53000FEB767 /* AppDelegate.swift in Sources */ = {isa = PBXBuildFile; fileRef = BAEC9CC22455A53000FEB767 /* AppDelegate.swift */; };
		BAEC9CC52455A53000FEB767 /* SceneDelegate.swift in Sources */ = {isa = PBXBuildFile; fileRef = BAEC9CC42455A53000FEB767 /* SceneDelegate.swift */; };
		BAEC9CC72455A53000FEB767 /* LoginViewController.swift in Sources */ = {isa = PBXBuildFile; fileRef = BAEC9CC62455A53000FEB767 /* LoginViewController.swift */; };
		BAEC9CCA2455A53000FEB767 /* Main.storyboard in Resources */ = {isa = PBXBuildFile; fileRef = BAEC9CC82455A53000FEB767 /* Main.storyboard */; };
		BAEC9CCC2455A53500FEB767 /* Assets.xcassets in Resources */ = {isa = PBXBuildFile; fileRef = BAEC9CCB2455A53500FEB767 /* Assets.xcassets */; };
		BAEC9CCF2455A53500FEB767 /* LaunchScreen.storyboard in Resources */ = {isa = PBXBuildFile; fileRef = BAEC9CCD2455A53500FEB767 /* LaunchScreen.storyboard */; };
		BAEC9CD72455B31600FEB767 /* TasksViewController.swift in Sources */ = {isa = PBXBuildFile; fileRef = BAEC9CD62455B31600FEB767 /* TasksViewController.swift */; };
		BAEC9CDD2456F1F900FEB767 /* GoogleService-Info.plist in Resources */ = {isa = PBXBuildFile; fileRef = BAEC9CDC2456F1F800FEB767 /* GoogleService-Info.plist */; };
/* End PBXBuildFile section */

/* Begin PBXFileReference section */
		4F1F34E6FE914C298CEF7199 /* Pods-FirebaseToDoList.release.xcconfig */ = {isa = PBXFileReference; includeInIndex = 1; lastKnownFileType = text.xcconfig; name = "Pods-FirebaseToDoList.release.xcconfig"; path = "Target Support Files/Pods-FirebaseToDoList/Pods-FirebaseToDoList.release.xcconfig"; sourceTree = "<group>"; };
		BA7325972458822600730CAC /* Task.swift */ = {isa = PBXFileReference; lastKnownFileType = sourcecode.swift; path = Task.swift; sourceTree = "<group>"; };
		BA7325992458822D00730CAC /* User.swift */ = {isa = PBXFileReference; lastKnownFileType = sourcecode.swift; path = User.swift; sourceTree = "<group>"; };
		BAEC9CBF2455A53000FEB767 /* FirebaseToDoList.app */ = {isa = PBXFileReference; explicitFileType = wrapper.application; includeInIndex = 0; path = FirebaseToDoList.app; sourceTree = BUILT_PRODUCTS_DIR; };
		BAEC9CC22455A53000FEB767 /* AppDelegate.swift */ = {isa = PBXFileReference; lastKnownFileType = sourcecode.swift; path = AppDelegate.swift; sourceTree = "<group>"; };
		BAEC9CC42455A53000FEB767 /* SceneDelegate.swift */ = {isa = PBXFileReference; lastKnownFileType = sourcecode.swift; path = SceneDelegate.swift; sourceTree = "<group>"; };
		BAEC9CC62455A53000FEB767 /* LoginViewController.swift */ = {isa = PBXFileReference; lastKnownFileType = sourcecode.swift; path = LoginViewController.swift; sourceTree = "<group>"; };
		BAEC9CC92455A53000FEB767 /* Base */ = {isa = PBXFileReference; lastKnownFileType = file.storyboard; name = Base; path = Base.lproj/Main.storyboard; sourceTree = "<group>"; };
		BAEC9CCB2455A53500FEB767 /* Assets.xcassets */ = {isa = PBXFileReference; lastKnownFileType = folder.assetcatalog; path = Assets.xcassets; sourceTree = "<group>"; };
		BAEC9CCE2455A53500FEB767 /* Base */ = {isa = PBXFileReference; lastKnownFileType = file.storyboard; name = Base; path = Base.lproj/LaunchScreen.storyboard; sourceTree = "<group>"; };
		BAEC9CD02455A53500FEB767 /* Info.plist */ = {isa = PBXFileReference; lastKnownFileType = text.plist.xml; path = Info.plist; sourceTree = "<group>"; };
		BAEC9CD62455B31600FEB767 /* TasksViewController.swift */ = {isa = PBXFileReference; lastKnownFileType = sourcecode.swift; path = TasksViewController.swift; sourceTree = "<group>"; };
		BAEC9CDC2456F1F800FEB767 /* GoogleService-Info.plist */ = {isa = PBXFileReference; fileEncoding = 4; lastKnownFileType = text.plist.xml; path = "GoogleService-Info.plist"; sourceTree = "<group>"; };
		CFD9F63CDAC38EA6B1D810D0 /* Pods-FirebaseToDoList.debug.xcconfig */ = {isa = PBXFileReference; includeInIndex = 1; lastKnownFileType = text.xcconfig; name = "Pods-FirebaseToDoList.debug.xcconfig"; path = "Target Support Files/Pods-FirebaseToDoList/Pods-FirebaseToDoList.debug.xcconfig"; sourceTree = "<group>"; };
		F2E89B9DC7A0A37492990ABB /* Pods_FirebaseToDoList.framework */ = {isa = PBXFileReference; explicitFileType = wrapper.framework; includeInIndex = 0; path = Pods_FirebaseToDoList.framework; sourceTree = BUILT_PRODUCTS_DIR; };
/* End PBXFileReference section */

/* Begin PBXFrameworksBuildPhase section */
		BAEC9CBC2455A53000FEB767 /* Frameworks */ = {
			isa = PBXFrameworksBuildPhase;
			buildActionMask = 2147483647;
			files = (
				31BFA3D9136C2F62BC09EF2D /* Pods_FirebaseToDoList.framework in Frameworks */,
			);
			runOnlyForDeploymentPostprocessing = 0;
		};
/* End PBXFrameworksBuildPhase section */

/* Begin PBXGroup section */
		61CF17CF1886F0585FB9C8DB /* Pods */ = {
			isa = PBXGroup;
			children = (
				CFD9F63CDAC38EA6B1D810D0 /* Pods-FirebaseToDoList.debug.xcconfig */,
				4F1F34E6FE914C298CEF7199 /* Pods-FirebaseToDoList.release.xcconfig */,
			);
			path = Pods;
			sourceTree = "<group>";
		};
		73BE859F0800DA6902423E4E /* Frameworks */ = {
			isa = PBXGroup;
			children = (
				F2E89B9DC7A0A37492990ABB /* Pods_FirebaseToDoList.framework */,
			);
			name = Frameworks;
			sourceTree = "<group>";
		};
		BA7325942458601700730CAC /* Service */ = {
			isa = PBXGroup;
			children = (
			);
			path = Service;
			sourceTree = "<group>";
		};
		BAEC9CB62455A53000FEB767 = {
			isa = PBXGroup;
			children = (
				BAEC9CC12455A53000FEB767 /* FirebaseToDoList */,
				BAEC9CC02455A53000FEB767 /* Products */,
				61CF17CF1886F0585FB9C8DB /* Pods */,
				73BE859F0800DA6902423E4E /* Frameworks */,
			);
			sourceTree = "<group>";
		};
		BAEC9CC02455A53000FEB767 /* Products */ = {
			isa = PBXGroup;
			children = (
				BAEC9CBF2455A53000FEB767 /* FirebaseToDoList.app */,
			);
			name = Products;
			sourceTree = "<group>";
		};
		BAEC9CC12455A53000FEB767 /* FirebaseToDoList */ = {
			isa = PBXGroup;
			children = (
				BA7325942458601700730CAC /* Service */,
				BAEC9CDB2455B36100FEB767 /* Model */,
				BAEC9CDA2455B35A00FEB767 /* View */,
				BAEC9CD92455B34D00FEB767 /* Controller */,
				BAEC9CD82455B33B00FEB767 /* Support */,
			);
			path = FirebaseToDoList;
			sourceTree = "<group>";
		};
		BAEC9CD82455B33B00FEB767 /* Support */ = {
			isa = PBXGroup;
			children = (
				BAEC9CC22455A53000FEB767 /* AppDelegate.swift */,
				BAEC9CC42455A53000FEB767 /* SceneDelegate.swift */,
				BAEC9CCB2455A53500FEB767 /* Assets.xcassets */,
				BAEC9CCD2455A53500FEB767 /* LaunchScreen.storyboard */,
				BAEC9CD02455A53500FEB767 /* Info.plist */,
				BAEC9CDC2456F1F800FEB767 /* GoogleService-Info.plist */,
			);
			path = Support;
			sourceTree = "<group>";
		};
		BAEC9CD92455B34D00FEB767 /* Controller */ = {
			isa = PBXGroup;
			children = (
				BAEC9CC62455A53000FEB767 /* LoginViewController.swift */,
				BAEC9CD62455B31600FEB767 /* TasksViewController.swift */,
			);
			path = Controller;
			sourceTree = "<group>";
		};
		BAEC9CDA2455B35A00FEB767 /* View */ = {
			isa = PBXGroup;
			children = (
				BAEC9CC82455A53000FEB767 /* Main.storyboard */,
			);
			path = View;
			sourceTree = "<group>";
		};
		BAEC9CDB2455B36100FEB767 /* Model */ = {
			isa = PBXGroup;
			children = (
				BA7325972458822600730CAC /* Task.swift */,
				BA7325992458822D00730CAC /* User.swift */,
			);
			path = Model;
			sourceTree = "<group>";
		};
/* End PBXGroup section */

/* Begin PBXNativeTarget section */
		BAEC9CBE2455A53000FEB767 /* FirebaseToDoList */ = {
			isa = PBXNativeTarget;
			buildConfigurationList = BAEC9CD32455A53500FEB767 /* Build configuration list for PBXNativeTarget "FirebaseToDoList" */;
			buildPhases = (
				C87151B85FB84BB60CD92DC9 /* [CP] Check Pods Manifest.lock */,
				BAEC9CBB2455A53000FEB767 /* Sources */,
				BAEC9CBC2455A53000FEB767 /* Frameworks */,
				BAEC9CBD2455A53000FEB767 /* Resources */,
				8702506ACF74DBFBA028ED78 /* [CP] Embed Pods Frameworks */,
			);
			buildRules = (
			);
			dependencies = (
			);
			name = FirebaseToDoList;
			productName = FirebaseToDoList;
			productReference = BAEC9CBF2455A53000FEB767 /* FirebaseToDoList.app */;
			productType = "com.apple.product-type.application";
		};
/* End PBXNativeTarget section */

/* Begin PBXProject section */
		BAEC9CB72455A53000FEB767 /* Project object */ = {
			isa = PBXProject;
			attributes = {
				LastSwiftUpdateCheck = 1140;
				LastUpgradeCheck = 1140;
				ORGANIZATIONNAME = Artemiy;
				TargetAttributes = {
					BAEC9CBE2455A53000FEB767 = {
						CreatedOnToolsVersion = 11.4;
					};
				};
			};
			buildConfigurationList = BAEC9CBA2455A53000FEB767 /* Build configuration list for PBXProject "FirebaseToDoList" */;
			compatibilityVersion = "Xcode 9.3";
			developmentRegion = en;
			hasScannedForEncodings = 0;
			knownRegions = (
				en,
				Base,
			);
			mainGroup = BAEC9CB62455A53000FEB767;
			productRefGroup = BAEC9CC02455A53000FEB767 /* Products */;
			projectDirPath = "";
			projectRoot = "";
			targets = (
				BAEC9CBE2455A53000FEB767 /* FirebaseToDoList */,
			);
		};
/* End PBXProject section */

/* Begin PBXResourcesBuildPhase section */
		BAEC9CBD2455A53000FEB767 /* Resources */ = {
			isa = PBXResourcesBuildPhase;
			buildActionMask = 2147483647;
			files = (
				BAEC9CCF2455A53500FEB767 /* LaunchScreen.storyboard in Resources */,
				BAEC9CDD2456F1F900FEB767 /* GoogleService-Info.plist in Resources */,
				BAEC9CCC2455A53500FEB767 /* Assets.xcassets in Resources */,
				BAEC9CCA2455A53000FEB767 /* Main.storyboard in Resources */,
			);
			runOnlyForDeploymentPostprocessing = 0;
		};
/* End PBXResourcesBuildPhase section */

/* Begin PBXShellScriptBuildPhase section */
		8702506ACF74DBFBA028ED78 /* [CP] Embed Pods Frameworks */ = {
			isa = PBXShellScriptBuildPhase;
			buildActionMask = 2147483647;
			files = (
			);
			inputFileListPaths = (
				"${PODS_ROOT}/Target Support Files/Pods-FirebaseToDoList/Pods-FirebaseToDoList-frameworks-${CONFIGURATION}-input-files.xcfilelist",
			);
			name = "[CP] Embed Pods Frameworks";
			outputFileListPaths = (
				"${PODS_ROOT}/Target Support Files/Pods-FirebaseToDoList/Pods-FirebaseToDoList-frameworks-${CONFIGURATION}-output-files.xcfilelist",
			);
			runOnlyForDeploymentPostprocessing = 0;
			shellPath = /bin/sh;
			shellScript = "\"${PODS_ROOT}/Target Support Files/Pods-FirebaseToDoList/Pods-FirebaseToDoList-frameworks.sh\"\n";
			showEnvVarsInLog = 0;
		};
		C87151B85FB84BB60CD92DC9 /* [CP] Check Pods Manifest.lock */ = {
			isa = PBXShellScriptBuildPhase;
			buildActionMask = 2147483647;
			files = (
			);
			inputFileListPaths = (
			);
			inputPaths = (
				"${PODS_PODFILE_DIR_PATH}/Podfile.lock",
				"${PODS_ROOT}/Manifest.lock",
			);
			name = "[CP] Check Pods Manifest.lock";
			outputFileListPaths = (
			);
			outputPaths = (
				"$(DERIVED_FILE_DIR)/Pods-FirebaseToDoList-checkManifestLockResult.txt",
			);
			runOnlyForDeploymentPostprocessing = 0;
			shellPath = /bin/sh;
			shellScript = "diff \"${PODS_PODFILE_DIR_PATH}/Podfile.lock\" \"${PODS_ROOT}/Manifest.lock\" > /dev/null\nif [ $? != 0 ] ; then\n    # print error to STDERR\n    echo \"error: The sandbox is not in sync with the Podfile.lock. Run 'pod install' or update your CocoaPods installation.\" >&2\n    exit 1\nfi\n# This output is used by Xcode 'outputs' to avoid re-running this script phase.\necho \"SUCCESS\" > \"${SCRIPT_OUTPUT_FILE_0}\"\n";
			showEnvVarsInLog = 0;
		};
/* End PBXShellScriptBuildPhase section */

/* Begin PBXSourcesBuildPhase section */
		BAEC9CBB2455A53000FEB767 /* Sources */ = {
			isa = PBXSourcesBuildPhase;
			buildActionMask = 2147483647;
			files = (
				BAEC9CC72455A53000FEB767 /* LoginViewController.swift in Sources */,
				BAEC9CD72455B31600FEB767 /* TasksViewController.swift in Sources */,
				BA73259A2458822D00730CAC /* User.swift in Sources */,
				BA7325982458822600730CAC /* Task.swift in Sources */,
				BAEC9CC32455A53000FEB767 /* AppDelegate.swift in Sources */,
				BAEC9CC52455A53000FEB767 /* SceneDelegate.swift in Sources */,
			);
			runOnlyForDeploymentPostprocessing = 0;
		};
/* End PBXSourcesBuildPhase section */

/* Begin PBXVariantGroup section */
		BAEC9CC82455A53000FEB767 /* Main.storyboard */ = {
			isa = PBXVariantGroup;
			children = (
				BAEC9CC92455A53000FEB767 /* Base */,
			);
			name = Main.storyboard;
			sourceTree = "<group>";
		};
		BAEC9CCD2455A53500FEB767 /* LaunchScreen.storyboard */ = {
			isa = PBXVariantGroup;
			children = (
				BAEC9CCE2455A53500FEB767 /* Base */,
			);
			name = LaunchScreen.storyboard;
			sourceTree = "<group>";
		};
/* End PBXVariantGroup section */

/* Begin XCBuildConfiguration section */
		BAEC9CD12455A53500FEB767 /* Debug */ = {
			isa = XCBuildConfiguration;
			buildSettings = {
				ALWAYS_SEARCH_USER_PATHS = NO;
				CLANG_ANALYZER_NONNULL = YES;
				CLANG_ANALYZER_NUMBER_OBJECT_CONVERSION = YES_AGGRESSIVE;
				CLANG_CXX_LANGUAGE_STANDARD = "gnu++14";
				CLANG_CXX_LIBRARY = "libc++";
				CLANG_ENABLE_MODULES = YES;
				CLANG_ENABLE_OBJC_ARC = YES;
				CLANG_ENABLE_OBJC_WEAK = YES;
				CLANG_WARN_BLOCK_CAPTURE_AUTORELEASING = YES;
				CLANG_WARN_BOOL_CONVERSION = YES;
				CLANG_WARN_COMMA = YES;
				CLANG_WARN_CONSTANT_CONVERSION = YES;
				CLANG_WARN_DEPRECATED_OBJC_IMPLEMENTATIONS = YES;
				CLANG_WARN_DIRECT_OBJC_ISA_USAGE = YES_ERROR;
				CLANG_WARN_DOCUMENTATION_COMMENTS = YES;
				CLANG_WARN_EMPTY_BODY = YES;
				CLANG_WARN_ENUM_CONVERSION = YES;
				CLANG_WARN_INFINITE_RECURSION = YES;
				CLANG_WARN_INT_CONVERSION = YES;
				CLANG_WARN_NON_LITERAL_NULL_CONVERSION = YES;
				CLANG_WARN_OBJC_IMPLICIT_RETAIN_SELF = YES;
				CLANG_WARN_OBJC_LITERAL_CONVERSION = YES;
				CLANG_WARN_OBJC_ROOT_CLASS = YES_ERROR;
				CLANG_WARN_RANGE_LOOP_ANALYSIS = YES;
				CLANG_WARN_STRICT_PROTOTYPES = YES;
				CLANG_WARN_SUSPICIOUS_MOVE = YES;
				CLANG_WARN_UNGUARDED_AVAILABILITY = YES_AGGRESSIVE;
				CLANG_WARN_UNREACHABLE_CODE = YES;
				CLANG_WARN__DUPLICATE_METHOD_MATCH = YES;
				COPY_PHASE_STRIP = NO;
				DEBUG_INFORMATION_FORMAT = dwarf;
				ENABLE_STRICT_OBJC_MSGSEND = YES;
				ENABLE_TESTABILITY = YES;
				GCC_C_LANGUAGE_STANDARD = gnu11;
				GCC_DYNAMIC_NO_PIC = NO;
				GCC_NO_COMMON_BLOCKS = YES;
				GCC_OPTIMIZATION_LEVEL = 0;
				GCC_PREPROCESSOR_DEFINITIONS = (
					"DEBUG=1",
					"$(inherited)",
				);
				GCC_WARN_64_TO_32_BIT_CONVERSION = YES;
				GCC_WARN_ABOUT_RETURN_TYPE = YES_ERROR;
				GCC_WARN_UNDECLARED_SELECTOR = YES;
				GCC_WARN_UNINITIALIZED_AUTOS = YES_AGGRESSIVE;
				GCC_WARN_UNUSED_FUNCTION = YES;
				GCC_WARN_UNUSED_VARIABLE = YES;
				IPHONEOS_DEPLOYMENT_TARGET = 13.4;
				MTL_ENABLE_DEBUG_INFO = INCLUDE_SOURCE;
				MTL_FAST_MATH = YES;
				ONLY_ACTIVE_ARCH = YES;
				SDKROOT = iphoneos;
				SWIFT_ACTIVE_COMPILATION_CONDITIONS = DEBUG;
				SWIFT_OPTIMIZATION_LEVEL = "-Onone";
			};
			name = Debug;
		};
		BAEC9CD22455A53500FEB767 /* Release */ = {
			isa = XCBuildConfiguration;
			buildSettings = {
				ALWAYS_SEARCH_USER_PATHS = NO;
				CLANG_ANALYZER_NONNULL = YES;
				CLANG_ANALYZER_NUMBER_OBJECT_CONVERSION = YES_AGGRESSIVE;
				CLANG_CXX_LANGUAGE_STANDARD = "gnu++14";
				CLANG_CXX_LIBRARY = "libc++";
				CLANG_ENABLE_MODULES = YES;
				CLANG_ENABLE_OBJC_ARC = YES;
				CLANG_ENABLE_OBJC_WEAK = YES;
				CLANG_WARN_BLOCK_CAPTURE_AUTORELEASING = YES;
				CLANG_WARN_BOOL_CONVERSION = YES;
				CLANG_WARN_COMMA = YES;
				CLANG_WARN_CONSTANT_CONVERSION = YES;
				CLANG_WARN_DEPRECATED_OBJC_IMPLEMENTATIONS = YES;
				CLANG_WARN_DIRECT_OBJC_ISA_USAGE = YES_ERROR;
				CLANG_WARN_DOCUMENTATION_COMMENTS = YES;
				CLANG_WARN_EMPTY_BODY = YES;
				CLANG_WARN_ENUM_CONVERSION = YES;
				CLANG_WARN_INFINITE_RECURSION = YES;
				CLANG_WARN_INT_CONVERSION = YES;
				CLANG_WARN_NON_LITERAL_NULL_CONVERSION = YES;
				CLANG_WARN_OBJC_IMPLICIT_RETAIN_SELF = YES;
				CLANG_WARN_OBJC_LITERAL_CONVERSION = YES;
				CLANG_WARN_OBJC_ROOT_CLASS = YES_ERROR;
				CLANG_WARN_RANGE_LOOP_ANALYSIS = YES;
				CLANG_WARN_STRICT_PROTOTYPES = YES;
				CLANG_WARN_SUSPICIOUS_MOVE = YES;
				CLANG_WARN_UNGUARDED_AVAILABILITY = YES_AGGRESSIVE;
				CLANG_WARN_UNREACHABLE_CODE = YES;
				CLANG_WARN__DUPLICATE_METHOD_MATCH = YES;
				COPY_PHASE_STRIP = NO;
				DEBUG_INFORMATION_FORMAT = "dwarf-with-dsym";
				ENABLE_NS_ASSERTIONS = NO;
				ENABLE_STRICT_OBJC_MSGSEND = YES;
				GCC_C_LANGUAGE_STANDARD = gnu11;
				GCC_NO_COMMON_BLOCKS = YES;
				GCC_WARN_64_TO_32_BIT_CONVERSION = YES;
				GCC_WARN_ABOUT_RETURN_TYPE = YES_ERROR;
				GCC_WARN_UNDECLARED_SELECTOR = YES;
				GCC_WARN_UNINITIALIZED_AUTOS = YES_AGGRESSIVE;
				GCC_WARN_UNUSED_FUNCTION = YES;
				GCC_WARN_UNUSED_VARIABLE = YES;
				IPHONEOS_DEPLOYMENT_TARGET = 13.4;
				MTL_ENABLE_DEBUG_INFO = NO;
				MTL_FAST_MATH = YES;
				SDKROOT = iphoneos;
				SWIFT_COMPILATION_MODE = wholemodule;
				SWIFT_OPTIMIZATION_LEVEL = "-O";
				VALIDATE_PRODUCT = YES;
			};
			name = Release;
		};
		BAEC9CD42455A53500FEB767 /* Debug */ = {
			isa = XCBuildConfiguration;
			baseConfigurationReference = CFD9F63CDAC38EA6B1D810D0 /* Pods-FirebaseToDoList.debug.xcconfig */;
			buildSettings = {
				ASSETCATALOG_COMPILER_APPICON_NAME = AppIcon;
				CODE_SIGN_STYLE = Automatic;
				DEVELOPMENT_TEAM = 7D9HCV7P57;
				INFOPLIST_FILE = FirebaseToDoList/Support/Info.plist;
				LD_RUNPATH_SEARCH_PATHS = (
					"$(inherited)",
					"@executable_path/Frameworks",
				);
				PRODUCT_BUNDLE_IDENTIFIER = com.artemiy.FirebaseToDoList;
				PRODUCT_NAME = "$(TARGET_NAME)";
				SWIFT_VERSION = 5.0;
				TARGETED_DEVICE_FAMILY = "1,2";
			};
			name = Debug;
		};
		BAEC9CD52455A53500FEB767 /* Release */ = {
			isa = XCBuildConfiguration;
			baseConfigurationReference = 4F1F34E6FE914C298CEF7199 /* Pods-FirebaseToDoList.release.xcconfig */;
			buildSettings = {
				ASSETCATALOG_COMPILER_APPICON_NAME = AppIcon;
				CODE_SIGN_STYLE = Automatic;
				DEVELOPMENT_TEAM = 7D9HCV7P57;
				INFOPLIST_FILE = FirebaseToDoList/Support/Info.plist;
				LD_RUNPATH_SEARCH_PATHS = (
					"$(inherited)",
					"@executable_path/Frameworks",
				);
				PRODUCT_BUNDLE_IDENTIFIER = com.artemiy.FirebaseToDoList;
				PRODUCT_NAME = "$(TARGET_NAME)";
				SWIFT_VERSION = 5.0;
				TARGETED_DEVICE_FAMILY = "1,2";
			};
			name = Release;
		};
/* End XCBuildConfiguration section */

/* Begin XCConfigurationList section */
		BAEC9CBA2455A53000FEB767 /* Build configuration list for PBXProject "FirebaseToDoList" */ = {
			isa = XCConfigurationList;
			buildConfigurations = (
				BAEC9CD12455A53500FEB767 /* Debug */,
				BAEC9CD22455A53500FEB767 /* Release */,
			);
			defaultConfigurationIsVisible = 0;
			defaultConfigurationName = Release;
		};
		BAEC9CD32455A53500FEB767 /* Build configuration list for PBXNativeTarget "FirebaseToDoList" */ = {
			isa = XCConfigurationList;
			buildConfigurations = (
				BAEC9CD42455A53500FEB767 /* Debug */,
				BAEC9CD52455A53500FEB767 /* Release */,
			);
			defaultConfigurationIsVisible = 0;
			defaultConfigurationName = Release;
		};
/* End XCConfigurationList section */
	};
	rootObject = BAEC9CB72455A53000FEB767 /* Project object */;
}
